
Microsoft Visual Studio Solution File, Format Version 12.00
Project("{FAE04EC0-301F-11D3-BF4B-00C04F79EFBC}") = "Utilities", "Utilities\Utilities.csproj", "{DDF6E88F-F15F-4823-9CA4-BA4190A0156E}"
EndProject
Project("{2150E333-8FDC-42A3-9474-1A3956D46DE8}") = "PizzeriaApi", "PizzeriaApi", "{80EBF1F8-A01F-4EF6-B2E4-7A158230014D}"
EndProject
Project("{FAE04EC0-301F-11D3-BF4B-00C04F79EFBC}") = "PizzeriaApi.WebApi", "PizzeriaApi.WebApi\PizzeriaApi.WebApi.csproj", "{A62FE8F2-CEDE-40C8-BC10-CCF247E954B3}"
EndProject
Project("{FAE04EC0-301F-11D3-BF4B-00C04F79EFBC}") = "PizzeriaApi.Contracts", "PizzeriaApi.Contracts\PizzeriaApi.Contracts.csproj", "{63AD1E6B-F0E1-4ADE-AA36-061221E7FC7F}"
EndProject
Project("{FAE04EC0-301F-11D3-BF4B-00C04F79EFBC}") = "PizzeriaApi.Application", "PizzeriaApi.Application\PizzeriaApi.Application.csproj", "{E5EF39ED-64B9-4393-BD4B-2810A862E99C}"
EndProject
Project("{2150E333-8FDC-42A3-9474-1A3956D46DE8}") = "SolutionItems", "SolutionItems", "{6A6A7F2F-43CB-4B20-A2BA-090B7F924320}"
	ProjectSection(SolutionItems) = preProject
		docker-compose.yml = docker-compose.yml
		docker-compose.dev.yml = docker-compose.dev.yml
		vector.yaml = vector.yaml
		otel-config.yaml = otel-config.yaml
		tempo.yaml = tempo.yaml
		nginx.conf = nginx.conf
	EndProjectSection
EndProject
Project("{2150E333-8FDC-42A3-9474-1A3956D46DE8}") = "Auth", "Auth", "{169E1384-B048-4DB8-A084-3F3BD9357DDB}"
EndProject
Project("{FAE04EC0-301F-11D3-BF4B-00C04F79EFBC}") = "Auth.WebApi", "Auth.WebApi\Auth.WebApi.csproj", "{1657BF5D-F8A4-4F7C-B0B7-A4B481A67B04}"
EndProject
Project("{FAE04EC0-301F-11D3-BF4B-00C04F79EFBC}") = "Auth.Domain", "Auth.Domain\Auth.Domain.csproj", "{B18B96B6-514E-48B8-8A15-A1D9AA6A931C}"
EndProject
Project("{FAE04EC0-301F-11D3-BF4B-00C04F79EFBC}") = "Auth.Application", "Auth.Application\Auth.Application.csproj", "{203111C0-5A34-417C-B363-F2E99BF7A166}"
EndProject
Project("{FAE04EC0-301F-11D3-BF4B-00C04F79EFBC}") = "Auth.Contracts", "Auth.Contracts\Auth.Contracts.csproj", "{4DA885BF-DAD0-44A2-902E-029910D7084B}"
EndProject
Project("{FAE04EC0-301F-11D3-BF4B-00C04F79EFBC}") = "Auth.Client", "Auth.Client\Auth.Client.csproj", "{422B1ED6-FB88-460D-A333-271BD1CA04F0}"
EndProject
Project("{2150E333-8FDC-42A3-9474-1A3956D46DE8}") = "PizzeriaAccounting", "PizzeriaAccounting", "{46A25CAB-E1B2-4B2E-BA5D-4A7971D2121D}"
EndProject
Project("{FAE04EC0-301F-11D3-BF4B-00C04F79EFBC}") = "PizzeriaAccounting.WebApi", "PizzeriaAccounting.WebApi\PizzeriaAccounting.WebApi.csproj", "{EF882A95-C422-4916-BF5D-2DC25DDD8D32}"
EndProject
Project("{FAE04EC0-301F-11D3-BF4B-00C04F79EFBC}") = "PizzeriaAccounting.Domain", "PizzeriaAccounting.Domain\PizzeriaAccounting.Domain.csproj", "{0C6094A5-E507-4115-A26D-997437092684}"
EndProject
Project("{FAE04EC0-301F-11D3-BF4B-00C04F79EFBC}") = "PizzeriaAccounting.Contracts", "PizzeriaAccounting.Contracts\PizzeriaAccounting.Contracts.csproj", "{6F54066D-5E0D-423E-8EA7-F2882B764254}"
EndProject
Project("{FAE04EC0-301F-11D3-BF4B-00C04F79EFBC}") = "PizzeriaAccounting.Client", "PizzeriaAccounting.Client\PizzeriaAccounting.Client.csproj", "{57D781B9-8203-4EEC-AF01-195920DBB101}"
EndProject
Project("{FAE04EC0-301F-11D3-BF4B-00C04F79EFBC}") = "PizzeriaAccounting.Application", "PizzeriaAccounting.Application\PizzeriaAccounting.Application.csproj", "{6DB5EC6F-46B6-4A09-9252-11CFB4BEB353}"
EndProject
Project("{2150E333-8FDC-42A3-9474-1A3956D46DE8}") = "Platform", "Platform", "{7F42844A-B503-4ED6-B14E-6DDE5A3217F7}"
EndProject
Project("{FAE04EC0-301F-11D3-BF4B-00C04F79EFBC}") = "Platform.WebApi", "Platform.WebApi\Platform.WebApi.csproj", "{AAA46277-7802-46F6-B962-691FB6F73FFB}"
EndProject
Project("{FAE04EC0-301F-11D3-BF4B-00C04F79EFBC}") = "Platform.Domain", "Platform.Domain\Platform.Domain.csproj", "{0F0FE261-D939-4949-938C-0D71FBA1CF5E}"
EndProject
Project("{FAE04EC0-301F-11D3-BF4B-00C04F79EFBC}") = "Platform.Core", "Platform.Core\Platform.Core.csproj", "{AB3E44FF-A44D-43A1-9FD1-A4D7BFE46491}"
EndProject
Project("{FAE04EC0-301F-11D3-BF4B-00C04F79EFBC}") = "Platform.Client", "Platform.Client\Platform.Client.csproj", "{F8CCB8A7-74BE-4157-AACC-92D749563D29}"
EndProject
Project("{2150E333-8FDC-42A3-9474-1A3956D46DE8}") = "Catalog", "Catalog", "{97FD5D66-7D53-4E11-98FB-A50789E6580E}"
EndProject
Project("{FAE04EC0-301F-11D3-BF4B-00C04F79EFBC}") = "Catalog.WebApi", "Catalog.WebApi\Catalog.WebApi.csproj", "{909F7746-E455-4BFA-80F7-4DAFF298FBC4}"
EndProject
Project("{FAE04EC0-301F-11D3-BF4B-00C04F79EFBC}") = "Catalog.Domain", "Catalog.Domain\Catalog.Domain.csproj", "{8BBAF6B5-7234-4992-9C36-5A9C8B0001BD}"
EndProject
Project("{FAE04EC0-301F-11D3-BF4B-00C04F79EFBC}") = "Catalog.Contracts", "Catalog.Contracts\Catalog.Contracts.csproj", "{66298B79-06D7-4E39-8C8D-94929C7697AD}"
EndProject
Project("{FAE04EC0-301F-11D3-BF4B-00C04F79EFBC}") = "Catalog.Application", "Catalog.Application\Catalog.Application.csproj", "{A410395A-73E5-421C-B77C-CC63AE2BC8CA}"
EndProject
Project("{FAE04EC0-301F-11D3-BF4B-00C04F79EFBC}") = "Catalog.Client", "Catalog.Client\Catalog.Client.csproj", "{C295679E-7170-4C00-B119-1B1B09DECE89}"
EndProject
Project("{2150E333-8FDC-42A3-9474-1A3956D46DE8}") = "Media", "Media", "{96067911-0D5A-4AFB-915B-413E5C658E32}"
EndProject
Project("{FAE04EC0-301F-11D3-BF4B-00C04F79EFBC}") = "Media.WebApi", "Media.WebApi\Media.WebApi.csproj", "{65B6D277-A144-4171-912D-8731A6798535}"
EndProject
Project("{FAE04EC0-301F-11D3-BF4B-00C04F79EFBC}") = "Media.Domain", "Media.Domain\Media.Domain.csproj", "{423FFB06-4BB6-49AD-8B99-399E2300EAE8}"
EndProject
Project("{FAE04EC0-301F-11D3-BF4B-00C04F79EFBC}") = "Media.Contracts", "Media.Contracts\Media.Contracts.csproj", "{D2F03E81-DD55-4728-9FAD-6DEB36FB1B23}"
EndProject
Project("{FAE04EC0-301F-11D3-BF4B-00C04F79EFBC}") = "Media.Client", "Media.Client\Media.Client.csproj", "{0A877F05-0D34-4CA9-B222-242C130CC8BD}"
EndProject
Project("{FAE04EC0-301F-11D3-BF4B-00C04F79EFBC}") = "Media.Application", "Media.Application\Media.Application.csproj", "{DC6864D9-6DC0-4E26-BB71-A59128CFB92C}"
EndProject
Project("{FAE04EC0-301F-11D3-BF4B-00C04F79EFBC}") = "AdministrationApi", "AdministrationApi\AdministrationApi.csproj", "{C3028A35-5575-481C-BEDE-C37448B02011}"
EndProject
Project("{FAE04EC0-301F-11D3-BF4B-00C04F79EFBC}") = "Platform.Test", "Platform.Test\Platform.Test.csproj", "{F2E8C8F3-87E4-4BD0-8286-40E848B172C4}"
EndProject
Global
	GlobalSection(SolutionConfigurationPlatforms) = preSolution
		Debug|Any CPU = Debug|Any CPU
		Release|Any CPU = Release|Any CPU
	EndGlobalSection
	GlobalSection(NestedProjects) = preSolution
		{2766D59F-47DE-4294-9865-E0A54DE43DB6} = {62821D80-8A0B-4388-833A-77F1F356E859}
		{8BE1D3B4-32FE-4F61-ACDB-E7074BFAFEA2} = {62821D80-8A0B-4388-833A-77F1F356E859}
		{9A3BE1A9-7099-4968-970B-0B5C75DF7CBD} = {62821D80-8A0B-4388-833A-77F1F356E859}
		{FBC124C5-A16C-4C0E-8B8D-C87897A0BE4E} = {62821D80-8A0B-4388-833A-77F1F356E859}
		{A62FE8F2-CEDE-40C8-BC10-CCF247E954B3} = {80EBF1F8-A01F-4EF6-B2E4-7A158230014D}
		{63AD1E6B-F0E1-4ADE-AA36-061221E7FC7F} = {80EBF1F8-A01F-4EF6-B2E4-7A158230014D}
		{E5EF39ED-64B9-4393-BD4B-2810A862E99C} = {80EBF1F8-A01F-4EF6-B2E4-7A158230014D}
		{24AB9044-DC46-4DC0-AE7E-5697BFBBBF6E} = {3C130255-1E36-49EA-A5F8-811522D213D9}
		{D1DBD394-DBB7-48EB-918B-4741E5AE4D4A} = {62821D80-8A0B-4388-833A-77F1F356E859}
		{1657BF5D-F8A4-4F7C-B0B7-A4B481A67B04} = {169E1384-B048-4DB8-A084-3F3BD9357DDB}
		{B18B96B6-514E-48B8-8A15-A1D9AA6A931C} = {169E1384-B048-4DB8-A084-3F3BD9357DDB}
		{203111C0-5A34-417C-B363-F2E99BF7A166} = {169E1384-B048-4DB8-A084-3F3BD9357DDB}
		{4DA885BF-DAD0-44A2-902E-029910D7084B} = {169E1384-B048-4DB8-A084-3F3BD9357DDB}
		{422B1ED6-FB88-460D-A333-271BD1CA04F0} = {169E1384-B048-4DB8-A084-3F3BD9357DDB}
		{EF882A95-C422-4916-BF5D-2DC25DDD8D32} = {46A25CAB-E1B2-4B2E-BA5D-4A7971D2121D}
		{0C6094A5-E507-4115-A26D-997437092684} = {46A25CAB-E1B2-4B2E-BA5D-4A7971D2121D}
		{6F54066D-5E0D-423E-8EA7-F2882B764254} = {46A25CAB-E1B2-4B2E-BA5D-4A7971D2121D}
		{57D781B9-8203-4EEC-AF01-195920DBB101} = {46A25CAB-E1B2-4B2E-BA5D-4A7971D2121D}
		{6DB5EC6F-46B6-4A09-9252-11CFB4BEB353} = {46A25CAB-E1B2-4B2E-BA5D-4A7971D2121D}
		{AAA46277-7802-46F6-B962-691FB6F73FFB} = {7F42844A-B503-4ED6-B14E-6DDE5A3217F7}
		{0F0FE261-D939-4949-938C-0D71FBA1CF5E} = {7F42844A-B503-4ED6-B14E-6DDE5A3217F7}
		{AB3E44FF-A44D-43A1-9FD1-A4D7BFE46491} = {7F42844A-B503-4ED6-B14E-6DDE5A3217F7}
		{F8CCB8A7-74BE-4157-AACC-92D749563D29} = {7F42844A-B503-4ED6-B14E-6DDE5A3217F7}
		{909F7746-E455-4BFA-80F7-4DAFF298FBC4} = {97FD5D66-7D53-4E11-98FB-A50789E6580E}
		{8BBAF6B5-7234-4992-9C36-5A9C8B0001BD} = {97FD5D66-7D53-4E11-98FB-A50789E6580E}
		{66298B79-06D7-4E39-8C8D-94929C7697AD} = {97FD5D66-7D53-4E11-98FB-A50789E6580E}
		{A410395A-73E5-421C-B77C-CC63AE2BC8CA} = {97FD5D66-7D53-4E11-98FB-A50789E6580E}
		{C295679E-7170-4C00-B119-1B1B09DECE89} = {97FD5D66-7D53-4E11-98FB-A50789E6580E}
		{65B6D277-A144-4171-912D-8731A6798535} = {96067911-0D5A-4AFB-915B-413E5C658E32}
		{423FFB06-4BB6-49AD-8B99-399E2300EAE8} = {96067911-0D5A-4AFB-915B-413E5C658E32}
		{D2F03E81-DD55-4728-9FAD-6DEB36FB1B23} = {96067911-0D5A-4AFB-915B-413E5C658E32}
		{0A877F05-0D34-4CA9-B222-242C130CC8BD} = {96067911-0D5A-4AFB-915B-413E5C658E32}
		{DC6864D9-6DC0-4E26-BB71-A59128CFB92C} = {96067911-0D5A-4AFB-915B-413E5C658E32}
		{F2E8C8F3-87E4-4BD0-8286-40E848B172C4} = {7F42844A-B503-4ED6-B14E-6DDE5A3217F7}
	EndGlobalSection
	GlobalSection(ProjectConfigurationPlatforms) = postSolution
		{2766D59F-47DE-4294-9865-E0A54DE43DB6}.Debug|Any CPU.ActiveCfg = Debug|Any CPU
		{2766D59F-47DE-4294-9865-E0A54DE43DB6}.Debug|Any CPU.Build.0 = Debug|Any CPU
		{2766D59F-47DE-4294-9865-E0A54DE43DB6}.Release|Any CPU.ActiveCfg = Release|Any CPU
		{2766D59F-47DE-4294-9865-E0A54DE43DB6}.Release|Any CPU.Build.0 = Release|Any CPU
		{8BE1D3B4-32FE-4F61-ACDB-E7074BFAFEA2}.Debug|Any CPU.ActiveCfg = Debug|Any CPU
		{8BE1D3B4-32FE-4F61-ACDB-E7074BFAFEA2}.Debug|Any CPU.Build.0 = Debug|Any CPU
		{8BE1D3B4-32FE-4F61-ACDB-E7074BFAFEA2}.Release|Any CPU.ActiveCfg = Release|Any CPU
		{8BE1D3B4-32FE-4F61-ACDB-E7074BFAFEA2}.Release|Any CPU.Build.0 = Release|Any CPU
		{9A3BE1A9-7099-4968-970B-0B5C75DF7CBD}.Debug|Any CPU.ActiveCfg = Debug|Any CPU
		{9A3BE1A9-7099-4968-970B-0B5C75DF7CBD}.Debug|Any CPU.Build.0 = Debug|Any CPU
		{9A3BE1A9-7099-4968-970B-0B5C75DF7CBD}.Release|Any CPU.ActiveCfg = Release|Any CPU
		{9A3BE1A9-7099-4968-970B-0B5C75DF7CBD}.Release|Any CPU.Build.0 = Release|Any CPU
		{DDF6E88F-F15F-4823-9CA4-BA4190A0156E}.Debug|Any CPU.ActiveCfg = Debug|Any CPU
		{DDF6E88F-F15F-4823-9CA4-BA4190A0156E}.Debug|Any CPU.Build.0 = Debug|Any CPU
		{DDF6E88F-F15F-4823-9CA4-BA4190A0156E}.Release|Any CPU.ActiveCfg = Release|Any CPU
		{DDF6E88F-F15F-4823-9CA4-BA4190A0156E}.Release|Any CPU.Build.0 = Release|Any CPU
		{FBC124C5-A16C-4C0E-8B8D-C87897A0BE4E}.Debug|Any CPU.ActiveCfg = Debug|Any CPU
		{FBC124C5-A16C-4C0E-8B8D-C87897A0BE4E}.Debug|Any CPU.Build.0 = Debug|Any CPU
		{FBC124C5-A16C-4C0E-8B8D-C87897A0BE4E}.Release|Any CPU.ActiveCfg = Release|Any CPU
		{FBC124C5-A16C-4C0E-8B8D-C87897A0BE4E}.Release|Any CPU.Build.0 = Release|Any CPU
		{74BCD79B-3F7B-4ADC-8CC4-214BC8BBD388}.Debug|Any CPU.ActiveCfg = Debug|Any CPU
		{74BCD79B-3F7B-4ADC-8CC4-214BC8BBD388}.Debug|Any CPU.Build.0 = Debug|Any CPU
		{74BCD79B-3F7B-4ADC-8CC4-214BC8BBD388}.Release|Any CPU.ActiveCfg = Release|Any CPU
		{74BCD79B-3F7B-4ADC-8CC4-214BC8BBD388}.Release|Any CPU.Build.0 = Release|Any CPU
		{A62FE8F2-CEDE-40C8-BC10-CCF247E954B3}.Debug|Any CPU.ActiveCfg = Debug|Any CPU
		{A62FE8F2-CEDE-40C8-BC10-CCF247E954B3}.Debug|Any CPU.Build.0 = Debug|Any CPU
		{A62FE8F2-CEDE-40C8-BC10-CCF247E954B3}.Release|Any CPU.ActiveCfg = Release|Any CPU
		{A62FE8F2-CEDE-40C8-BC10-CCF247E954B3}.Release|Any CPU.Build.0 = Release|Any CPU
		{63AD1E6B-F0E1-4ADE-AA36-061221E7FC7F}.Debug|Any CPU.ActiveCfg = Debug|Any CPU
		{63AD1E6B-F0E1-4ADE-AA36-061221E7FC7F}.Debug|Any CPU.Build.0 = Debug|Any CPU
		{63AD1E6B-F0E1-4ADE-AA36-061221E7FC7F}.Release|Any CPU.ActiveCfg = Release|Any CPU
		{63AD1E6B-F0E1-4ADE-AA36-061221E7FC7F}.Release|Any CPU.Build.0 = Release|Any CPU
		{E5EF39ED-64B9-4393-BD4B-2810A862E99C}.Debug|Any CPU.ActiveCfg = Debug|Any CPU
		{E5EF39ED-64B9-4393-BD4B-2810A862E99C}.Debug|Any CPU.Build.0 = Debug|Any CPU
		{E5EF39ED-64B9-4393-BD4B-2810A862E99C}.Release|Any CPU.ActiveCfg = Release|Any CPU
		{E5EF39ED-64B9-4393-BD4B-2810A862E99C}.Release|Any CPU.Build.0 = Release|Any CPU
		{24AB9044-DC46-4DC0-AE7E-5697BFBBBF6E}.Debug|Any CPU.ActiveCfg = Debug|Any CPU
		{24AB9044-DC46-4DC0-AE7E-5697BFBBBF6E}.Debug|Any CPU.Build.0 = Debug|Any CPU
		{24AB9044-DC46-4DC0-AE7E-5697BFBBBF6E}.Release|Any CPU.ActiveCfg = Release|Any CPU
		{24AB9044-DC46-4DC0-AE7E-5697BFBBBF6E}.Release|Any CPU.Build.0 = Release|Any CPU
		{D1DBD394-DBB7-48EB-918B-4741E5AE4D4A}.Debug|Any CPU.ActiveCfg = Debug|Any CPU
		{D1DBD394-DBB7-48EB-918B-4741E5AE4D4A}.Debug|Any CPU.Build.0 = Debug|Any CPU
		{D1DBD394-DBB7-48EB-918B-4741E5AE4D4A}.Release|Any CPU.ActiveCfg = Release|Any CPU
		{D1DBD394-DBB7-48EB-918B-4741E5AE4D4A}.Release|Any CPU.Build.0 = Release|Any CPU
		{1657BF5D-F8A4-4F7C-B0B7-A4B481A67B04}.Debug|Any CPU.ActiveCfg = Debug|Any CPU
		{1657BF5D-F8A4-4F7C-B0B7-A4B481A67B04}.Debug|Any CPU.Build.0 = Debug|Any CPU
		{1657BF5D-F8A4-4F7C-B0B7-A4B481A67B04}.Release|Any CPU.ActiveCfg = Release|Any CPU
		{1657BF5D-F8A4-4F7C-B0B7-A4B481A67B04}.Release|Any CPU.Build.0 = Release|Any CPU
		{B18B96B6-514E-48B8-8A15-A1D9AA6A931C}.Debug|Any CPU.ActiveCfg = Debug|Any CPU
		{B18B96B6-514E-48B8-8A15-A1D9AA6A931C}.Debug|Any CPU.Build.0 = Debug|Any CPU
		{B18B96B6-514E-48B8-8A15-A1D9AA6A931C}.Release|Any CPU.ActiveCfg = Release|Any CPU
		{B18B96B6-514E-48B8-8A15-A1D9AA6A931C}.Release|Any CPU.Build.0 = Release|Any CPU
		{203111C0-5A34-417C-B363-F2E99BF7A166}.Debug|Any CPU.ActiveCfg = Debug|Any CPU
		{203111C0-5A34-417C-B363-F2E99BF7A166}.Debug|Any CPU.Build.0 = Debug|Any CPU
		{203111C0-5A34-417C-B363-F2E99BF7A166}.Release|Any CPU.ActiveCfg = Release|Any CPU
		{203111C0-5A34-417C-B363-F2E99BF7A166}.Release|Any CPU.Build.0 = Release|Any CPU
		{4DA885BF-DAD0-44A2-902E-029910D7084B}.Debug|Any CPU.ActiveCfg = Debug|Any CPU
		{4DA885BF-DAD0-44A2-902E-029910D7084B}.Debug|Any CPU.Build.0 = Debug|Any CPU
		{4DA885BF-DAD0-44A2-902E-029910D7084B}.Release|Any CPU.ActiveCfg = Release|Any CPU
		{4DA885BF-DAD0-44A2-902E-029910D7084B}.Release|Any CPU.Build.0 = Release|Any CPU
		{422B1ED6-FB88-460D-A333-271BD1CA04F0}.Debug|Any CPU.ActiveCfg = Debug|Any CPU
		{422B1ED6-FB88-460D-A333-271BD1CA04F0}.Debug|Any CPU.Build.0 = Debug|Any CPU
		{422B1ED6-FB88-460D-A333-271BD1CA04F0}.Release|Any CPU.ActiveCfg = Release|Any CPU
		{422B1ED6-FB88-460D-A333-271BD1CA04F0}.Release|Any CPU.Build.0 = Release|Any CPU
		{EF882A95-C422-4916-BF5D-2DC25DDD8D32}.Debug|Any CPU.ActiveCfg = Debug|Any CPU
		{EF882A95-C422-4916-BF5D-2DC25DDD8D32}.Debug|Any CPU.Build.0 = Debug|Any CPU
		{EF882A95-C422-4916-BF5D-2DC25DDD8D32}.Release|Any CPU.ActiveCfg = Release|Any CPU
		{EF882A95-C422-4916-BF5D-2DC25DDD8D32}.Release|Any CPU.Build.0 = Release|Any CPU
		{0C6094A5-E507-4115-A26D-997437092684}.Debug|Any CPU.ActiveCfg = Debug|Any CPU
		{0C6094A5-E507-4115-A26D-997437092684}.Debug|Any CPU.Build.0 = Debug|Any CPU
		{0C6094A5-E507-4115-A26D-997437092684}.Release|Any CPU.ActiveCfg = Release|Any CPU
		{0C6094A5-E507-4115-A26D-997437092684}.Release|Any CPU.Build.0 = Release|Any CPU
		{6F54066D-5E0D-423E-8EA7-F2882B764254}.Debug|Any CPU.ActiveCfg = Debug|Any CPU
		{6F54066D-5E0D-423E-8EA7-F2882B764254}.Debug|Any CPU.Build.0 = Debug|Any CPU
		{6F54066D-5E0D-423E-8EA7-F2882B764254}.Release|Any CPU.ActiveCfg = Release|Any CPU
		{6F54066D-5E0D-423E-8EA7-F2882B764254}.Release|Any CPU.Build.0 = Release|Any CPU
		{57D781B9-8203-4EEC-AF01-195920DBB101}.Debug|Any CPU.ActiveCfg = Debug|Any CPU
		{57D781B9-8203-4EEC-AF01-195920DBB101}.Debug|Any CPU.Build.0 = Debug|Any CPU
		{57D781B9-8203-4EEC-AF01-195920DBB101}.Release|Any CPU.ActiveCfg = Release|Any CPU
		{57D781B9-8203-4EEC-AF01-195920DBB101}.Release|Any CPU.Build.0 = Release|Any CPU
		{6DB5EC6F-46B6-4A09-9252-11CFB4BEB353}.Debug|Any CPU.ActiveCfg = Debug|Any CPU
		{6DB5EC6F-46B6-4A09-9252-11CFB4BEB353}.Debug|Any CPU.Build.0 = Debug|Any CPU
		{6DB5EC6F-46B6-4A09-9252-11CFB4BEB353}.Release|Any CPU.ActiveCfg = Release|Any CPU
		{6DB5EC6F-46B6-4A09-9252-11CFB4BEB353}.Release|Any CPU.Build.0 = Release|Any CPU
		{AAA46277-7802-46F6-B962-691FB6F73FFB}.Debug|Any CPU.ActiveCfg = Debug|Any CPU
		{AAA46277-7802-46F6-B962-691FB6F73FFB}.Debug|Any CPU.Build.0 = Debug|Any CPU
		{AAA46277-7802-46F6-B962-691FB6F73FFB}.Release|Any CPU.ActiveCfg = Release|Any CPU
		{AAA46277-7802-46F6-B962-691FB6F73FFB}.Release|Any CPU.Build.0 = Release|Any CPU
		{0F0FE261-D939-4949-938C-0D71FBA1CF5E}.Debug|Any CPU.ActiveCfg = Debug|Any CPU
		{0F0FE261-D939-4949-938C-0D71FBA1CF5E}.Debug|Any CPU.Build.0 = Debug|Any CPU
		{0F0FE261-D939-4949-938C-0D71FBA1CF5E}.Release|Any CPU.ActiveCfg = Release|Any CPU
		{0F0FE261-D939-4949-938C-0D71FBA1CF5E}.Release|Any CPU.Build.0 = Release|Any CPU
		{AB3E44FF-A44D-43A1-9FD1-A4D7BFE46491}.Debug|Any CPU.ActiveCfg = Debug|Any CPU
		{AB3E44FF-A44D-43A1-9FD1-A4D7BFE46491}.Debug|Any CPU.Build.0 = Debug|Any CPU
		{AB3E44FF-A44D-43A1-9FD1-A4D7BFE46491}.Release|Any CPU.ActiveCfg = Release|Any CPU
		{AB3E44FF-A44D-43A1-9FD1-A4D7BFE46491}.Release|Any CPU.Build.0 = Release|Any CPU
		{F8CCB8A7-74BE-4157-AACC-92D749563D29}.Debug|Any CPU.ActiveCfg = Debug|Any CPU
		{F8CCB8A7-74BE-4157-AACC-92D749563D29}.Debug|Any CPU.Build.0 = Debug|Any CPU
		{F8CCB8A7-74BE-4157-AACC-92D749563D29}.Release|Any CPU.ActiveCfg = Release|Any CPU
		{F8CCB8A7-74BE-4157-AACC-92D749563D29}.Release|Any CPU.Build.0 = Release|Any CPU
		{909F7746-E455-4BFA-80F7-4DAFF298FBC4}.Debug|Any CPU.ActiveCfg = Debug|Any CPU
		{909F7746-E455-4BFA-80F7-4DAFF298FBC4}.Debug|Any CPU.Build.0 = Debug|Any CPU
		{909F7746-E455-4BFA-80F7-4DAFF298FBC4}.Release|Any CPU.ActiveCfg = Release|Any CPU
		{909F7746-E455-4BFA-80F7-4DAFF298FBC4}.Release|Any CPU.Build.0 = Release|Any CPU
		{8BBAF6B5-7234-4992-9C36-5A9C8B0001BD}.Debug|Any CPU.ActiveCfg = Debug|Any CPU
		{8BBAF6B5-7234-4992-9C36-5A9C8B0001BD}.Debug|Any CPU.Build.0 = Debug|Any CPU
		{8BBAF6B5-7234-4992-9C36-5A9C8B0001BD}.Release|Any CPU.ActiveCfg = Release|Any CPU
		{8BBAF6B5-7234-4992-9C36-5A9C8B0001BD}.Release|Any CPU.Build.0 = Release|Any CPU
		{66298B79-06D7-4E39-8C8D-94929C7697AD}.Debug|Any CPU.ActiveCfg = Debug|Any CPU
		{66298B79-06D7-4E39-8C8D-94929C7697AD}.Debug|Any CPU.Build.0 = Debug|Any CPU
		{66298B79-06D7-4E39-8C8D-94929C7697AD}.Release|Any CPU.ActiveCfg = Release|Any CPU
		{66298B79-06D7-4E39-8C8D-94929C7697AD}.Release|Any CPU.Build.0 = Release|Any CPU
		{A410395A-73E5-421C-B77C-CC63AE2BC8CA}.Debug|Any CPU.ActiveCfg = Debug|Any CPU
		{A410395A-73E5-421C-B77C-CC63AE2BC8CA}.Debug|Any CPU.Build.0 = Debug|Any CPU
		{A410395A-73E5-421C-B77C-CC63AE2BC8CA}.Release|Any CPU.ActiveCfg = Release|Any CPU
		{A410395A-73E5-421C-B77C-CC63AE2BC8CA}.Release|Any CPU.Build.0 = Release|Any CPU
		{C295679E-7170-4C00-B119-1B1B09DECE89}.Debug|Any CPU.ActiveCfg = Debug|Any CPU
		{C295679E-7170-4C00-B119-1B1B09DECE89}.Debug|Any CPU.Build.0 = Debug|Any CPU
		{C295679E-7170-4C00-B119-1B1B09DECE89}.Release|Any CPU.ActiveCfg = Release|Any CPU
		{C295679E-7170-4C00-B119-1B1B09DECE89}.Release|Any CPU.Build.0 = Release|Any CPU
		{65B6D277-A144-4171-912D-8731A6798535}.Debug|Any CPU.ActiveCfg = Debug|Any CPU
		{65B6D277-A144-4171-912D-8731A6798535}.Debug|Any CPU.Build.0 = Debug|Any CPU
		{65B6D277-A144-4171-912D-8731A6798535}.Release|Any CPU.ActiveCfg = Release|Any CPU
		{65B6D277-A144-4171-912D-8731A6798535}.Release|Any CPU.Build.0 = Release|Any CPU
		{423FFB06-4BB6-49AD-8B99-399E2300EAE8}.Debug|Any CPU.ActiveCfg = Debug|Any CPU
		{423FFB06-4BB6-49AD-8B99-399E2300EAE8}.Debug|Any CPU.Build.0 = Debug|Any CPU
		{423FFB06-4BB6-49AD-8B99-399E2300EAE8}.Release|Any CPU.ActiveCfg = Release|Any CPU
		{423FFB06-4BB6-49AD-8B99-399E2300EAE8}.Release|Any CPU.Build.0 = Release|Any CPU
		{D2F03E81-DD55-4728-9FAD-6DEB36FB1B23}.Debug|Any CPU.ActiveCfg = Debug|Any CPU
		{D2F03E81-DD55-4728-9FAD-6DEB36FB1B23}.Debug|Any CPU.Build.0 = Debug|Any CPU
		{D2F03E81-DD55-4728-9FAD-6DEB36FB1B23}.Release|Any CPU.ActiveCfg = Release|Any CPU
		{D2F03E81-DD55-4728-9FAD-6DEB36FB1B23}.Release|Any CPU.Build.0 = Release|Any CPU
		{0A877F05-0D34-4CA9-B222-242C130CC8BD}.Debug|Any CPU.ActiveCfg = Debug|Any CPU
		{0A877F05-0D34-4CA9-B222-242C130CC8BD}.Debug|Any CPU.Build.0 = Debug|Any CPU
		{0A877F05-0D34-4CA9-B222-242C130CC8BD}.Release|Any CPU.ActiveCfg = Release|Any CPU
		{0A877F05-0D34-4CA9-B222-242C130CC8BD}.Release|Any CPU.Build.0 = Release|Any CPU
		{DC6864D9-6DC0-4E26-BB71-A59128CFB92C}.Debug|Any CPU.ActiveCfg = Debug|Any CPU
		{DC6864D9-6DC0-4E26-BB71-A59128CFB92C}.Debug|Any CPU.Build.0 = Debug|Any CPU
		{DC6864D9-6DC0-4E26-BB71-A59128CFB92C}.Release|Any CPU.ActiveCfg = Release|Any CPU
		{DC6864D9-6DC0-4E26-BB71-A59128CFB92C}.Release|Any CPU.Build.0 = Release|Any CPU
		{C3028A35-5575-481C-BEDE-C37448B02011}.Debug|Any CPU.ActiveCfg = Debug|Any CPU
		{C3028A35-5575-481C-BEDE-C37448B02011}.Debug|Any CPU.Build.0 = Debug|Any CPU
		{C3028A35-5575-481C-BEDE-C37448B02011}.Release|Any CPU.ActiveCfg = Release|Any CPU
		{C3028A35-5575-481C-BEDE-C37448B02011}.Release|Any CPU.Build.0 = Release|Any CPU
		{F2E8C8F3-87E4-4BD0-8286-40E848B172C4}.Debug|Any CPU.ActiveCfg = Debug|Any CPU
		{F2E8C8F3-87E4-4BD0-8286-40E848B172C4}.Debug|Any CPU.Build.0 = Debug|Any CPU
		{F2E8C8F3-87E4-4BD0-8286-40E848B172C4}.Release|Any CPU.ActiveCfg = Release|Any CPU
		{F2E8C8F3-87E4-4BD0-8286-40E848B172C4}.Release|Any CPU.Build.0 = Release|Any CPU
	EndGlobalSection
EndGlobal
